
Microsoft Visual Studio Solution File, Format Version 12.00
# Visual Studio Version 17
VisualStudioVersion = 17.12.35728.132 d17.12
MinimumVisualStudioVersion = 10.0.40219.1
Project("{FAE04EC0-301F-11D3-BF4B-00C04F79EFBC}") = "AT.Framework", "AT.Framework\AT.Framework.csproj", "{E3533485-F6E3-476E-A6F5-84C8D838A1E8}"
EndProject
Project("{FAE04EC0-301F-11D3-BF4B-00C04F79EFBC}") = "AT.Selenium", "AT.Selenium\AT.Selenium.csproj", "{D2D51DAC-1D64-483C-8429-667390F3E920}"
EndProject
Project("{FAE04EC0-301F-11D3-BF4B-00C04F79EFBC}") = "Tests.WebUI", "Tests.WebUI\Tests.WebUI.csproj", "{6B6048A0-D001-4E61-A79E-B496676A06D7}"
EndProject
Global
	GlobalSection(SolutionConfigurationPlatforms) = preSolution
		Debug|Any CPU = Debug|Any CPU
		Release|Any CPU = Release|Any CPU
	EndGlobalSection
	GlobalSection(ProjectConfigurationPlatforms) = postSolution
		{E3533485-F6E3-476E-A6F5-84C8D838A1E8}.Debug|Any CPU.ActiveCfg = Debug|Any CPU
		{E3533485-F6E3-476E-A6F5-84C8D838A1E8}.Debug|Any CPU.Build.0 = Debug|Any CPU
		{E3533485-F6E3-476E-A6F5-84C8D838A1E8}.Release|Any CPU.ActiveCfg = Release|Any CPU
		{E3533485-F6E3-476E-A6F5-84C8D838A1E8}.Release|Any CPU.Build.0 = Release|Any CPU
		{D2D51DAC-1D64-483C-8429-667390F3E920}.Debug|Any CPU.ActiveCfg = Debug|Any CPU
		{D2D51DAC-1D64-483C-8429-667390F3E920}.Debug|Any CPU.Build.0 = Debug|Any CPU
		{D2D51DAC-1D64-483C-8429-667390F3E920}.Release|Any CPU.ActiveCfg = Release|Any CPU
		{D2D51DAC-1D64-483C-8429-667390F3E920}.Release|Any CPU.Build.0 = Release|Any CPU
		{6B6048A0-D001-4E61-A79E-B496676A06D7}.Debug|Any CPU.ActiveCfg = Debug|Any CPU
		{6B6048A0-D001-4E61-A79E-B496676A06D7}.Debug|Any CPU.Build.0 = Debug|Any CPU
		{6B6048A0-D001-4E61-A79E-B496676A06D7}.Release|Any CPU.ActiveCfg = Release|Any CPU
		{6B6048A0-D001-4E61-A79E-B496676A06D7}.Release|Any CPU.Build.0 = Release|Any CPU
	EndGlobalSection
	GlobalSection(SolutionProperties) = preSolution
		HideSolutionNode = FALSE
	EndGlobalSection
EndGlobal
